Microsoft Visual Studio Solution File, Format Version 12.00
# Visual Studio Version 16
VisualStudioVersion = 16.0.29006.145
MinimumVisualStudioVersion = 10.0.40219.1
Project("{9A19103F-16F7-4668-BE54-9A1E7A4F7556}") = "CodeGenerator", "tools\CodeGenerator\CodeGenerator.csproj", "{CD29436D-FE3B-4015-8C16-78E9B3BC71B2}"
EndProject
Project("{2150E333-8FDC-42A3-9474-1A3956D46DE8}") = "Build", "Build", "{8DBCF800-3C00-4434-A7F9-68949253F346}"
	ProjectSection(SolutionItems) = preProject
		.editorconfig = .editorconfig
		.gitignore = .gitignore
		appveyor.yml = appveyor.yml
		Directory.Build.props = Directory.Build.props
		Directory.Build.targets = Directory.Build.targets
		global.json = global.json
		NuGet.config = NuGet.config
		README.md = README.md
		eng\Versions.props = eng\Versions.props
		eng\VisualStudio.props = eng\VisualStudio.props
		eng\VisualStudio.targets = eng\VisualStudio.targets
	EndProjectSection
EndProject
Project("{9A19103F-16F7-4668-BE54-9A1E7A4F7556}") = "Microsoft.VisualStudio.Restart", "src\Microsoft.VisualStudio.Restart\Microsoft.VisualStudio.Restart.csproj", "{97D024A0-C496-470C-BD4B-6059ADDE33A8}"
EndProject
Project("{2150E333-8FDC-42A3-9474-1A3956D46DE8}") = "Tools", "Tools", "{5EC36974-A99F-400E-AE0F-7D37BDFAD6A2}"
EndProject
Project("{2150E333-8FDC-42A3-9474-1A3956D46DE8}") = "Core", "Core", "{F3A7FC18-5836-42DE-B814-D929C389140E}"
EndProject
Project("{FAE04EC0-301F-11D3-BF4B-00C04F79EFBC}") = "VisualStudioSetup", "src\VisualStudioSetup\VisualStudioSetup.csproj", "{B30ADEBD-9F4F-4B82-A3A4-3AFEEB6D724E}"
EndProject
Global
	GlobalSection(SolutionConfigurationPlatforms) = preSolution
		Debug|Any CPU = Debug|Any CPU
		Release|Any CPU = Release|Any CPU
	EndGlobalSection
	GlobalSection(ProjectConfigurationPlatforms) = postSolution
		{CD29436D-FE3B-4015-8C16-78E9B3BC71B2}.Debug|Any CPU.ActiveCfg = Debug|Any CPU
		{CD29436D-FE3B-4015-8C16-78E9B3BC71B2}.Release|Any CPU.ActiveCfg = Release|Any CPU
		{97D024A0-C496-470C-BD4B-6059ADDE33A8}.Debug|Any CPU.ActiveCfg = Debug|Any CPU
		{97D024A0-C496-470C-BD4B-6059ADDE33A8}.Debug|Any CPU.Build.0 = Debug|Any CPU
		{97D024A0-C496-470C-BD4B-6059ADDE33A8}.Release|Any CPU.ActiveCfg = Release|Any CPU
		{97D024A0-C496-470C-BD4B-6059ADDE33A8}.Release|Any CPU.Build.0 = Release|Any CPU
		{B30ADEBD-9F4F-4B82-A3A4-3AFEEB6D724E}.Debug|Any CPU.ActiveCfg = Debug|Any CPU
		{B30ADEBD-9F4F-4B82-A3A4-3AFEEB6D724E}.Debug|Any CPU.Build.0 = Debug|Any CPU
		{B30ADEBD-9F4F-4B82-A3A4-3AFEEB6D724E}.Release|Any CPU.ActiveCfg = Release|Any CPU
		{B30ADEBD-9F4F-4B82-A3A4-3AFEEB6D724E}.Release|Any CPU.Build.0 = Release|Any CPU
	EndGlobalSection
	GlobalSection(SolutionProperties) = preSolution
		HideSolutionNode = FALSE
	EndGlobalSection
	GlobalSection(NestedProjects) = preSolution
		{CD29436D-FE3B-4015-8C16-78E9B3BC71B2} = {5EC36974-A99F-400E-AE0F-7D37BDFAD6A2}
		{97D024A0-C496-470C-BD4B-6059ADDE33A8} = {F3A7FC18-5836-42DE-B814-D929C389140E}
	EndGlobalSection
	GlobalSection(ExtensibilityGlobals) = postSolution
		SolutionGuid = {895094AB-D48C-4EDF-991D-940E00FEE4B8}
	EndGlobalSection
EndGlobal
